
Microsoft Visual Studio Solution File, Format Version 12.00
# Visual Studio Version 17
VisualStudioVersion = 17.14.36623.8
MinimumVisualStudioVersion = 10.0.40219.1
Project("{FAE04EC0-301F-11D3-BF4B-00C04F79EFBC}") = "CivicConnect.Core", "CivicConnect.Core\CivicConnect.Core.csproj", "{11A93910-8EDC-40FD-AF25-7142CF51E2EE}"
EndProject
Project("{FAE04EC0-301F-11D3-BF4B-00C04F79EFBC}") = "CivicConnect.Infrastructure", "CivicConnect.Infrastructure\CivicConnect.Infrastructure.csproj", "{AE275747-C72C-40F6-AE49-9555C3440BC9}"
EndProject
Project("{FAE04EC0-301F-11D3-BF4B-00C04F79EFBC}") = "CivicConnect.Web", "CivicConnect.Web\CivicConnect.Web.csproj", "{E989F7C4-D60F-4DE7-A268-C7F2EBB823E7}"
EndProject
Global
	GlobalSection(SolutionConfigurationPlatforms) = preSolution
		Debug|Any CPU = Debug|Any CPU
		Debug|x64 = Debug|x64
		Debug|x86 = Debug|x86
		Release|Any CPU = Release|Any CPU
		Release|x64 = Release|x64
		Release|x86 = Release|x86
	EndGlobalSection
	GlobalSection(ProjectConfigurationPlatforms) = postSolution
		{11A93910-8EDC-40FD-AF25-7142CF51E2EE}.Debug|Any CPU.ActiveCfg = Debug|Any CPU
		{11A93910-8EDC-40FD-AF25-7142CF51E2EE}.Debug|Any CPU.Build.0 = Debug|Any CPU
		{11A93910-8EDC-40FD-AF25-7142CF51E2EE}.Debug|x64.ActiveCfg = Debug|Any CPU
		{11A93910-8EDC-40FD-AF25-7142CF51E2EE}.Debug|x64.Build.0 = Debug|Any CPU
		{11A93910-8EDC-40FD-AF25-7142CF51E2EE}.Debug|x86.ActiveCfg = Debug|Any CPU
		{11A93910-8EDC-40FD-AF25-7142CF51E2EE}.Debug|x86.Build.0 = Debug|Any CPU
		{11A93910-8EDC-40FD-AF25-7142CF51E2EE}.Release|Any CPU.ActiveCfg = Release|Any CPU
		{11A93910-8EDC-40FD-AF25-7142CF51E2EE}.Release|Any CPU.Build.0 = Release|Any CPU
		{11A93910-8EDC-40FD-AF25-7142CF51E2EE}.Release|x64.ActiveCfg = Release|Any CPU
		{11A93910-8EDC-40FD-AF25-7142CF51E2EE}.Release|x64.Build.0 = Release|Any CPU
		{11A93910-8EDC-40FD-AF25-7142CF51E2EE}.Release|x86.ActiveCfg = Release|Any CPU
		{11A93910-8EDC-40FD-AF25-7142CF51E2EE}.Release|x86.Build.0 = Release|Any CPU
		{AE275747-C72C-40F6-AE49-9555C3440BC9}.Debug|Any CPU.ActiveCfg = Debug|Any CPU
		{AE275747-C72C-40F6-AE49-9555C3440BC9}.Debug|Any CPU.Build.0 = Debug|Any CPU
		{AE275747-C72C-40F6-AE49-9555C3440BC9}.Debug|x64.ActiveCfg = Debug|Any CPU
		{AE275747-C72C-40F6-AE49-9555C3440BC9}.Debug|x64.Build.0 = Debug|Any CPU
		{AE275747-C72C-40F6-AE49-9555C3440BC9}.Debug|x86.ActiveCfg = Debug|Any CPU
		{AE275747-C72C-40F6-AE49-9555C3440BC9}.Debug|x86.Build.0 = Debug|Any CPU
		{AE275747-C72C-40F6-AE49-9555C3440BC9}.Release|Any CPU.ActiveCfg = Release|Any CPU
		{AE275747-C72C-40F6-AE49-9555C3440BC9}.Release|Any CPU.Build.0 = Release|Any CPU
		{AE275747-C72C-40F6-AE49-9555C3440BC9}.Release|x64.ActiveCfg = Release|Any CPU
		{AE275747-C72C-40F6-AE49-9555C3440BC9}.Release|x64.Build.0 = Release|Any CPU
		{AE275747-C72C-40F6-AE49-9555C3440BC9}.Release|x86.ActiveCfg = Release|Any CPU
		{AE275747-C72C-40F6-AE49-9555C3440BC9}.Release|x86.Build.0 = Release|Any CPU
		{E989F7C4-D60F-4DE7-A268-C7F2EBB823E7}.Debug|Any CPU.ActiveCfg = Debug|Any CPU
		{E989F7C4-D60F-4DE7-A268-C7F2EBB823E7}.Debug|Any CPU.Build.0 = Debug|Any CPU
		{E989F7C4-D60F-4DE7-A268-C7F2EBB823E7}.Debug|x64.ActiveCfg = Debug|Any CPU
		{E989F7C4-D60F-4DE7-A268-C7F2EBB823E7}.Debug|x64.Build.0 = Debug|Any CPU
		{E989F7C4-D60F-4DE7-A268-C7F2EBB823E7}.Debug|x86.ActiveCfg = Debug|Any CPU
		{E989F7C4-D60F-4DE7-A268-C7F2EBB823E7}.Debug|x86.Build.0 = Debug|Any CPU
		{E989F7C4-D60F-4DE7-A268-C7F2EBB823E7}.Release|Any CPU.ActiveCfg = Release|Any CPU
		{E989F7C4-D60F-4DE7-A268-C7F2EBB823E7}.Release|Any CPU.Build.0 = Release|Any CPU
		{E989F7C4-D60F-4DE7-A268-C7F2EBB823E7}.Release|x64.ActiveCfg = Release|Any CPU
		{E989F7C4-D60F-4DE7-A268-C7F2EBB823E7}.Release|x64.Build.0 = Release|Any CPU
		{E989F7C4-D60F-4DE7-A268-C7F2EBB823E7}.Release|x86.ActiveCfg = Release|Any CPU
		{E989F7C4-D60F-4DE7-A268-C7F2EBB823E7}.Release|x86.Build.0 = Release|Any CPU
	EndGlobalSection
	GlobalSection(SolutionProperties) = preSolution
		HideSolutionNode = FALSE
	EndGlobalSection
	GlobalSection(ExtensibilityGlobals) = postSolution
		SolutionGuid = {D11CD0FF-2D25-40B4-A383-E7751D8C2E1E}
	EndGlobalSection
EndGlobal
